
Microsoft Visual Studio Solution File, Format Version 12.00
Project("{FAE04EC0-301F-11D3-BF4B-00C04F79EFBC}") = "TriangleСalculator", "TriangleСalculator\TriangleСalculator.csproj", "{92F25FDF-8A55-45DD-BAEF-264A90797B8D}"
EndProject
Project("{FAE04EC0-301F-11D3-BF4B-00C04F79EFBC}") = "Tests", "Tests\Tests.csproj", "{C46A21BB-D508-417D-B075-2D0D26C497B0}"
EndProject
Global
	GlobalSection(SolutionConfigurationPlatforms) = preSolution
		Debug|Any CPU = Debug|Any CPU
		Release|Any CPU = Release|Any CPU
	EndGlobalSection
	GlobalSection(ProjectConfigurationPlatforms) = postSolution
		{92F25FDF-8A55-45DD-BAEF-264A90797B8D}.Debug|Any CPU.ActiveCfg = Debug|Any CPU
		{92F25FDF-8A55-45DD-BAEF-264A90797B8D}.Debug|Any CPU.Build.0 = Debug|Any CPU
		{92F25FDF-8A55-45DD-BAEF-264A90797B8D}.Release|Any CPU.ActiveCfg = Release|Any CPU
		{92F25FDF-8A55-45DD-BAEF-264A90797B8D}.Release|Any CPU.Build.0 = Release|Any CPU
		{C46A21BB-D508-417D-B075-2D0D26C497B0}.Debug|Any CPU.ActiveCfg = Debug|Any CPU
		{C46A21BB-D508-417D-B075-2D0D26C497B0}.Debug|Any CPU.Build.0 = Debug|Any CPU
		{C46A21BB-D508-417D-B075-2D0D26C497B0}.Release|Any CPU.ActiveCfg = Release|Any CPU
		{C46A21BB-D508-417D-B075-2D0D26C497B0}.Release|Any CPU.Build.0 = Release|Any CPU
	EndGlobalSection
EndGlobal
